// !$*UTF8*$!
{
	archiveVersion = 1;
	classes = {
	};
	objectVersion = 50;
	objects = {

/* Begin PBXBuildFile section */
		8935958625CE07E2001DBA23 /* AppDelegate.swift in Sources */ = {isa = PBXBuildFile; fileRef = 8935958525CE07E2001DBA23 /* AppDelegate.swift */; };
		8935958825CE07E2001DBA23 /* SceneDelegate.swift in Sources */ = {isa = PBXBuildFile; fileRef = 8935958725CE07E2001DBA23 /* SceneDelegate.swift */; };
		8935958A25CE07E2001DBA23 /* ViewController.swift in Sources */ = {isa = PBXBuildFile; fileRef = 8935958925CE07E2001DBA23 /* ViewController.swift */; };
		8935958D25CE07E2001DBA23 /* Main.storyboard in Resources */ = {isa = PBXBuildFile; fileRef = 8935958B25CE07E2001DBA23 /* Main.storyboard */; };
		8935959025CE07E2001DBA23 /* kitchen_sink.xcdatamodeld in Sources */ = {isa = PBXBuildFile; fileRef = 8935958E25CE07E2001DBA23 /* kitchen_sink.xcdatamodeld */; };
		8935959225CE07E7001DBA23 /* Assets.xcassets in Resources */ = {isa = PBXBuildFile; fileRef = 8935959125CE07E7001DBA23 /* Assets.xcassets */; };
		8935959525CE07E7001DBA23 /* LaunchScreen.storyboard in Resources */ = {isa = PBXBuildFile; fileRef = 8935959325CE07E7001DBA23 /* LaunchScreen.storyboard */; };
/* End PBXBuildFile section */

/* Begin PBXFileReference section */
		8935958225CE07E2001DBA23 /* kitchen-sink.app */ = {isa = PBXFileReference; explicitFileType = wrapper.application; includeInIndex = 0; path = "kitchen-sink.app"; sourceTree = BUILT_PRODUCTS_DIR; };
		8935958525CE07E2001DBA23 /* AppDelegate.swift */ = {isa = PBXFileReference; lastKnownFileType = sourcecode.swift; path = AppDelegate.swift; sourceTree = "<group>"; };
		8935958725CE07E2001DBA23 /* SceneDelegate.swift */ = {isa = PBXFileReference; lastKnownFileType = sourcecode.swift; path = SceneDelegate.swift; sourceTree = "<group>"; };
		8935958925CE07E2001DBA23 /* ViewController.swift */ = {isa = PBXFileReference; lastKnownFileType = sourcecode.swift; path = ViewController.swift; sourceTree = "<group>"; };
		8935958C25CE07E2001DBA23 /* Base */ = {isa = PBXFileReference; lastKnownFileType = file.storyboard; name = Base; path = Base.lproj/Main.storyboard; sourceTree = "<group>"; };
		8935958F25CE07E2001DBA23 /* kitchen_sink.xcdatamodel */ = {isa = PBXFileReference; lastKnownFileType = wrapper.xcdatamodel; path = kitchen_sink.xcdatamodel; sourceTree = "<group>"; };
		8935959125CE07E7001DBA23 /* Assets.xcassets */ = {isa = PBXFileReference; lastKnownFileType = folder.assetcatalog; path = Assets.xcassets; sourceTree = "<group>"; };
		8935959425CE07E7001DBA23 /* Base */ = {isa = PBXFileReference; lastKnownFileType = file.storyboard; name = Base; path = Base.lproj/LaunchScreen.storyboard; sourceTree = "<group>"; };
		8935959625CE07E7001DBA23 /* Info.plist */ = {isa = PBXFileReference; lastKnownFileType = text.plist.xml; path = Info.plist; sourceTree = "<group>"; };
/* End PBXFileReference section */

/* Begin PBXFrameworksBuildPhase section */
		8935957F25CE07E2001DBA23 /* Frameworks */ = {
			isa = PBXFrameworksBuildPhase;
			buildActionMask = 2147483647;
			files = (
			);
			runOnlyForDeploymentPostprocessing = 0;
		};
/* End PBXFrameworksBuildPhase section */

/* Begin PBXGroup section */
		8935957925CE07E2001DBA23 = {
			isa = PBXGroup;
			children = (
				8935958425CE07E2001DBA23 /* kitchen-sink */,
				8935958325CE07E2001DBA23 /* Products */,
			);
			sourceTree = "<group>";
		};
		8935958325CE07E2001DBA23 /* Products */ = {
			isa = PBXGroup;
			children = (
				8935958225CE07E2001DBA23 /* kitchen-sink.app */,
			);
			name = Products;
			sourceTree = "<group>";
		};
		8935958425CE07E2001DBA23 /* kitchen-sink */ = {
			isa = PBXGroup;
			children = (
				8935958525CE07E2001DBA23 /* AppDelegate.swift */,
				8935958725CE07E2001DBA23 /* SceneDelegate.swift */,
				8935958925CE07E2001DBA23 /* ViewController.swift */,
				8935958B25CE07E2001DBA23 /* Main.storyboard */,
				8935959125CE07E7001DBA23 /* Assets.xcassets */,
				8935959325CE07E7001DBA23 /* LaunchScreen.storyboard */,
				8935959625CE07E7001DBA23 /* Info.plist */,
				8935958E25CE07E2001DBA23 /* kitchen_sink.xcdatamodeld */,
			);
			path = "kitchen-sink";
			sourceTree = "<group>";
		};
/* End PBXGroup section */

/* Begin PBXNativeTarget section */
		8935958125CE07E2001DBA23 /* kitchen-sink */ = {
			isa = PBXNativeTarget;
			buildConfigurationList = 8935959925CE07E7001DBA23 /* Build configuration list for PBXNativeTarget "kitchen-sink" */;
			buildPhases = (
				8935957E25CE07E2001DBA23 /* Sources */,
				8935957F25CE07E2001DBA23 /* Frameworks */,
				8935958025CE07E2001DBA23 /* Resources */,
			);
			buildRules = (
			);
			dependencies = (
			);
			name = "kitchen-sink";
			productName = "kitchen-sink";
			productReference = 8935958225CE07E2001DBA23 /* kitchen-sink.app */;
			productType = "com.apple.product-type.application";
		};
/* End PBXNativeTarget section */

/* Begin PBXProject section */
		8935957A25CE07E2001DBA23 /* Project object */ = {
			isa = PBXProject;
			attributes = {
				LastSwiftUpdateCheck = 1240;
				LastUpgradeCheck = 1240;
				TargetAttributes = {
					8935958125CE07E2001DBA23 = {
						CreatedOnToolsVersion = 12.4;
					};
				};
			};
			buildConfigurationList = 8935957D25CE07E2001DBA23 /* Build configuration list for PBXProject "kitchen-sink" */;
			compatibilityVersion = "Xcode 9.3";
			developmentRegion = en;
			hasScannedForEncodings = 0;
			knownRegions = (
				en,
				Base,
			);
			mainGroup = 8935957925CE07E2001DBA23;
			productRefGroup = 8935958325CE07E2001DBA23 /* Products */;
			projectDirPath = "";
			projectRoot = "";
			targets = (
				8935958125CE07E2001DBA23 /* kitchen-sink */,
			);
		};
/* End PBXProject section */

/* Begin PBXResourcesBuildPhase section */
		8935958025CE07E2001DBA23 /* Resources */ = {
			isa = PBXResourcesBuildPhase;
			buildActionMask = 2147483647;
			files = (
				8935959525CE07E7001DBA23 /* LaunchScreen.storyboard in Resources */,
				8935959225CE07E7001DBA23 /* Assets.xcassets in Resources */,
				8935958D25CE07E2001DBA23 /* Main.storyboard in Resources */,
			);
			runOnlyForDeploymentPostprocessing = 0;
		};
/* End PBXResourcesBuildPhase section */

/* Begin PBXSourcesBuildPhase section */
		8935957E25CE07E2001DBA23 /* Sources */ = {
			isa = PBXSourcesBuildPhase;
			buildActionMask = 2147483647;
			files = (
				8935958A25CE07E2001DBA23 /* ViewController.swift in Sources */,
				8935958625CE07E2001DBA23 /* AppDelegate.swift in Sources */,
				8935958825CE07E2001DBA23 /* SceneDelegate.swift in Sources */,
				8935959025CE07E2001DBA23 /* kitchen_sink.xcdatamodeld in Sources */,
			);
			runOnlyForDeploymentPostprocessing = 0;
		};
/* End PBXSourcesBuildPhase section */

/* Begin PBXVariantGroup section */
		8935958B25CE07E2001DBA23 /* Main.storyboard */ = {
			isa = PBXVariantGroup;
			children = (
				8935958C25CE07E2001DBA23 /* Base */,
			);
			name = Main.storyboard;
			sourceTree = "<group>";
		};
		8935959325CE07E7001DBA23 /* LaunchScreen.storyboard */ = {
			isa = PBXVariantGroup;
			children = (
				8935959425CE07E7001DBA23 /* Base */,
			);
			name = LaunchScreen.storyboard;
			sourceTree = "<group>";
		};
/* End PBXVariantGroup section */

/* Begin XCBuildConfiguration section */
		8935959725CE07E7001DBA23 /* Debug */ = {
			isa = XCBuildConfiguration;
			buildSettings = {
				ALWAYS_SEARCH_USER_PATHS = NO;
				CLANG_ANALYZER_NONNULL = YES;
				CLANG_ANALYZER_NUMBER_OBJECT_CONVERSION = YES_AGGRESSIVE;
				CLANG_CXX_LANGUAGE_STANDARD = "gnu++14";
				CLANG_CXX_LIBRARY = "libc++";
				CLANG_ENABLE_MODULES = YES;
				CLANG_ENABLE_OBJC_ARC = YES;
				CLANG_ENABLE_OBJC_WEAK = YES;
				CLANG_WARN_BLOCK_CAPTURE_AUTORELEASING = YES;
				CLANG_WARN_BOOL_CONVERSION = YES;
				CLANG_WARN_COMMA = YES;
				CLANG_WARN_CONSTANT_CONVERSION = YES;
				CLANG_WARN_DEPRECATED_OBJC_IMPLEMENTATIONS = YES;
				CLANG_WARN_DIRECT_OBJC_ISA_USAGE = YES_ERROR;
				CLANG_WARN_DOCUMENTATION_COMMENTS = YES;
				CLANG_WARN_EMPTY_BODY = YES;
				CLANG_WARN_ENUM_CONVERSION = YES;
				CLANG_WARN_INFINITE_RECURSION = YES;
				CLANG_WARN_INT_CONVERSION = YES;
				CLANG_WARN_NON_LITERAL_NULL_CONVERSION = YES;
				CLANG_WARN_OBJC_IMPLICIT_RETAIN_SELF = YES;
				CLANG_WARN_OBJC_LITERAL_CONVERSION = YES;
				CLANG_WARN_OBJC_ROOT_CLASS = YES_ERROR;
				CLANG_WARN_QUOTED_INCLUDE_IN_FRAMEWORK_HEADER = YES;
				CLANG_WARN_RANGE_LOOP_ANALYSIS = YES;
				CLANG_WARN_STRICT_PROTOTYPES = YES;
				CLANG_WARN_SUSPICIOUS_MOVE = YES;
				CLANG_WARN_UNGUARDED_AVAILABILITY = YES_AGGRESSIVE;
				CLANG_WARN_UNREACHABLE_CODE = YES;
				CLANG_WARN__DUPLICATE_METHOD_MATCH = YES;
				COPY_PHASE_STRIP = NO;
				DEBUG_INFORMATION_FORMAT = dwarf;
				ENABLE_STRICT_OBJC_MSGSEND = YES;
				ENABLE_TESTABILITY = YES;
				GCC_C_LANGUAGE_STANDARD = gnu11;
				GCC_DYNAMIC_NO_PIC = NO;
				GCC_NO_COMMON_BLOCKS = YES;
				GCC_OPTIMIZATION_LEVEL = 0;
				GCC_PREPROCESSOR_DEFINITIONS = (
					"DEBUG=1",
					"$(inherited)",
				);
				GCC_WARN_64_TO_32_BIT_CONVERSION = YES;
				GCC_WARN_ABOUT_RETURN_TYPE = YES_ERROR;
				GCC_WARN_UNDECLARED_SELECTOR = YES;
				GCC_WARN_UNINITIALIZED_AUTOS = YES_AGGRESSIVE;
				GCC_WARN_UNUSED_FUNCTION = YES;
				GCC_WARN_UNUSED_VARIABLE = YES;
				IPHONEOS_DEPLOYMENT_TARGET = 14.4;
				MTL_ENABLE_DEBUG_INFO = INCLUDE_SOURCE;
				MTL_FAST_MATH = YES;
				ONLY_ACTIVE_ARCH = YES;
				SDKROOT = iphoneos;
				SWIFT_ACTIVE_COMPILATION_CONDITIONS = DEBUG;
				SWIFT_OPTIMIZATION_LEVEL = "-Onone";
			};
			name = Debug;
		};
		8935959825CE07E7001DBA23 /* Release */ = {
			isa = XCBuildConfiguration;
			buildSettings = {
				ALWAYS_SEARCH_USER_PATHS = NO;
				CLANG_ANALYZER_NONNULL = YES;
				CLANG_ANALYZER_NUMBER_OBJECT_CONVERSION = YES_AGGRESSIVE;
				CLANG_CXX_LANGUAGE_STANDARD = "gnu++14";
				CLANG_CXX_LIBRARY = "libc++";
				CLANG_ENABLE_MODULES = YES;
				CLANG_ENABLE_OBJC_ARC = YES;
				CLANG_ENABLE_OBJC_WEAK = YES;
				CLANG_WARN_BLOCK_CAPTURE_AUTORELEASING = YES;
				CLANG_WARN_BOOL_CONVERSION = YES;
				CLANG_WARN_COMMA = YES;
				CLANG_WARN_CONSTANT_CONVERSION = YES;
				CLANG_WARN_DEPRECATED_OBJC_IMPLEMENTATIONS = YES;
				CLANG_WARN_DIRECT_OBJC_ISA_USAGE = YES_ERROR;
				CLANG_WARN_DOCUMENTATION_COMMENTS = YES;
				CLANG_WARN_EMPTY_BODY = YES;
				CLANG_WARN_ENUM_CONVERSION = YES;
				CLANG_WARN_INFINITE_RECURSION = YES;
				CLANG_WARN_INT_CONVERSION = YES;
				CLANG_WARN_NON_LITERAL_NULL_CONVERSION = YES;
				CLANG_WARN_OBJC_IMPLICIT_RETAIN_SELF = YES;
				CLANG_WARN_OBJC_LITERAL_CONVERSION = YES;
				CLANG_WARN_OBJC_ROOT_CLASS = YES_ERROR;
				CLANG_WARN_QUOTED_INCLUDE_IN_FRAMEWORK_HEADER = YES;
				CLANG_WARN_RANGE_LOOP_ANALYSIS = YES;
				CLANG_WARN_STRICT_PROTOTYPES = YES;
				CLANG_WARN_SUSPICIOUS_MOVE = YES;
				CLANG_WARN_UNGUARDED_AVAILABILITY = YES_AGGRESSIVE;
				CLANG_WARN_UNREACHABLE_CODE = YES;
				CLANG_WARN__DUPLICATE_METHOD_MATCH = YES;
				COPY_PHASE_STRIP = NO;
				DEBUG_INFORMATION_FORMAT = "dwarf-with-dsym";
				ENABLE_NS_ASSERTIONS = NO;
				ENABLE_STRICT_OBJC_MSGSEND = YES;
				GCC_C_LANGUAGE_STANDARD = gnu11;
				GCC_NO_COMMON_BLOCKS = YES;
				GCC_WARN_64_TO_32_BIT_CONVERSION = YES;
				GCC_WARN_ABOUT_RETURN_TYPE = YES_ERROR;
				GCC_WARN_UNDECLARED_SELECTOR = YES;
				GCC_WARN_UNINITIALIZED_AUTOS = YES_AGGRESSIVE;
				GCC_WARN_UNUSED_FUNCTION = YES;
				GCC_WARN_UNUSED_VARIABLE = YES;
				IPHONEOS_DEPLOYMENT_TARGET = 14.4;
				MTL_ENABLE_DEBUG_INFO = NO;
				MTL_FAST_MATH = YES;
				SDKROOT = iphoneos;
				SWIFT_COMPILATION_MODE = wholemodule;
				SWIFT_OPTIMIZATION_LEVEL = "-O";
				VALIDATE_PRODUCT = YES;
			};
			name = Release;
		};
		8935959A25CE07E7001DBA23 /* Debug */ = {
			isa = XCBuildConfiguration;
			buildSettings = {
				ASSETCATALOG_COMPILER_APPICON_NAME = AppIcon;
				ASSETCATALOG_COMPILER_GLOBAL_ACCENT_COLOR_NAME = AccentColor;
				CODE_SIGN_STYLE = Automatic;
				DEVELOPMENT_TEAM = PL9M7Q23GZ;
				INFOPLIST_FILE = "kitchen-sink/Info.plist";
				LD_RUNPATH_SEARCH_PATHS = (
					"$(inherited)",
					"@executable_path/Frameworks",
				);
				PRODUCT_BUNDLE_IDENTIFIER = "com.lkemperman.kitchen-sink";
				PRODUCT_NAME = "$(TARGET_NAME)";
				SWIFT_VERSION = 5.0;
				TARGETED_DEVICE_FAMILY = "1,2";
			};
			name = Debug;
		};
		8935959B25CE07E7001DBA23 /* Release */ = {
			isa = XCBuildConfiguration;
			buildSettings = {
				ASSETCATALOG_COMPILER_APPICON_NAME = AppIcon;
				ASSETCATALOG_COMPILER_GLOBAL_ACCENT_COLOR_NAME = AccentColor;
				CODE_SIGN_STYLE = Automatic;
				DEVELOPMENT_TEAM = PL9M7Q23GZ;
				INFOPLIST_FILE = "kitchen-sink/Info.plist";
				LD_RUNPATH_SEARCH_PATHS = (
					"$(inherited)",
					"@executable_path/Frameworks",
				);
				PRODUCT_BUNDLE_IDENTIFIER = "com.lkemperman.kitchen-sink";
				PRODUCT_NAME = "$(TARGET_NAME)";
				SWIFT_VERSION = 5.0;
				TARGETED_DEVICE_FAMILY = "1,2";
			};
			name = Release;
		};
/* End XCBuildConfiguration section */

/* Begin XCConfigurationList section */
		8935957D25CE07E2001DBA23 /* Build configuration list for PBXProject "kitchen-sink" */ = {
			isa = XCConfigurationList;
			buildConfigurations = (
				8935959725CE07E7001DBA23 /* Debug */,
				8935959825CE07E7001DBA23 /* Release */,
			);
			defaultConfigurationIsVisible = 0;
			defaultConfigurationName = Release;
		};
		8935959925CE07E7001DBA23 /* Build configuration list for PBXNativeTarget "kitchen-sink" */ = {
			isa = XCConfigurationList;
			buildConfigurations = (
				8935959A25CE07E7001DBA23 /* Debug */,
				8935959B25CE07E7001DBA23 /* Release */,
			);
			defaultConfigurationIsVisible = 0;
			defaultConfigurationName = Release;
		};
/* End XCConfigurationList section */

/* Begin XCVersionGroup section */
		8935958E25CE07E2001DBA23 /* kitchen_sink.xcdatamodeld */ = {
			isa = XCVersionGroup;
			children = (
				8935958F25CE07E2001DBA23 /* kitchen_sink.xcdatamodel */,
			);
			currentVersion = 8935958F25CE07E2001DBA23 /* kitchen_sink.xcdatamodel */;
			path = kitchen_sink.xcdatamodeld;
			sourceTree = "<group>";
			versionGroupType = wrapper.xcdatamodel;
		};
/* End XCVersionGroup section */
	};
	rootObject = 8935957A25CE07E2001DBA23 /* Project object */;
}
